// !$*UTF8*$!
{
	archiveVersion = 1;
	classes = {
	};
	objectVersion = 46;
	objects = {

/* Begin PBXBuildFile section */
		586388A71B51006E000BFB84 /* AppDelegate.swift in Sources */ = {isa = PBXBuildFile; fileRef = 586388A61B51006E000BFB84 /* AppDelegate.swift */; };
		586388A91B51006E000BFB84 /* ViewController.swift in Sources */ = {isa = PBXBuildFile; fileRef = 586388A81B51006E000BFB84 /* ViewController.swift */; };
		586388AC1B51006E000BFB84 /* Main.storyboard in Resources */ = {isa = PBXBuildFile; fileRef = 586388AA1B51006E000BFB84 /* Main.storyboard */; };
		586388AE1B51006E000BFB84 /* Images.xcassets in Resources */ = {isa = PBXBuildFile; fileRef = 586388AD1B51006E000BFB84 /* Images.xcassets */; };
		586388B11B51006E000BFB84 /* LaunchScreen.xib in Resources */ = {isa = PBXBuildFile; fileRef = 586388AF1B51006E000BFB84 /* LaunchScreen.xib */; };
		586388BD1B51006E000BFB84 /* Shapes1Tests.swift in Sources */ = {isa = PBXBuildFile; fileRef = 586388BC1B51006E000BFB84 /* Shapes1Tests.swift */; };
		58DAEA591B520A6D00F1A664 /* DrawRectangle.swift in Sources */ = {isa = PBXBuildFile; fileRef = 58DAEA581B520A6D00F1A664 /* DrawRectangle.swift */; };
/* End PBXBuildFile section */

/* Begin PBXContainerItemProxy section */
		586388B71B51006E000BFB84 /* PBXContainerItemProxy */ = {
			isa = PBXContainerItemProxy;
			containerPortal = 586388991B51006E000BFB84 /* Project object */;
			proxyType = 1;
			remoteGlobalIDString = 586388A01B51006E000BFB84;
			remoteInfo = Shapes1;
		};
/* End PBXContainerItemProxy section */

/* Begin PBXFileReference section */
		586388A11B51006E000BFB84 /* Shapes1.app */ = {isa = PBXFileReference; explicitFileType = wrapper.application; includeInIndex = 0; path = Shapes1.app; sourceTree = BUILT_PRODUCTS_DIR; };
		586388A51B51006E000BFB84 /* Info.plist */ = {isa = PBXFileReference; lastKnownFileType = text.plist.xml; path = Info.plist; sourceTree = "<group>"; };
		586388A61B51006E000BFB84 /* AppDelegate.swift */ = {isa = PBXFileReference; lastKnownFileType = sourcecode.swift; path = AppDelegate.swift; sourceTree = "<group>"; };
		586388A81B51006E000BFB84 /* ViewController.swift */ = {isa = PBXFileReference; lastKnownFileType = sourcecode.swift; path = ViewController.swift; sourceTree = "<group>"; };
		586388AB1B51006E000BFB84 /* Base */ = {isa = PBXFileReference; lastKnownFileType = file.storyboard; name = Base; path = Base.lproj/Main.storyboard; sourceTree = "<group>"; };
		586388AD1B51006E000BFB84 /* Images.xcassets */ = {isa = PBXFileReference; lastKnownFileType = folder.assetcatalog; path = Images.xcassets; sourceTree = "<group>"; };
		586388B01B51006E000BFB84 /* Base */ = {isa = PBXFileReference; lastKnownFileType = file.xib; name = Base; path = Base.lproj/LaunchScreen.xib; sourceTree = "<group>"; };
		586388B61B51006E000BFB84 /* Shapes1Tests.xctest */ = {isa = PBXFileReference; explicitFileType = wrapper.cfbundle; includeInIndex = 0; path = Shapes1Tests.xctest; sourceTree = BUILT_PRODUCTS_DIR; };
		586388BB1B51006E000BFB84 /* Info.plist */ = {isa = PBXFileReference; lastKnownFileType = text.plist.xml; path = Info.plist; sourceTree = "<group>"; };
		586388BC1B51006E000BFB84 /* Shapes1Tests.swift */ = {isa = PBXFileReference; lastKnownFileType = sourcecode.swift; path = Shapes1Tests.swift; sourceTree = "<group>"; };
		58DAEA581B520A6D00F1A664 /* DrawRectangle.swift */ = {isa = PBXFileReference; fileEncoding = 4; lastKnownFileType = sourcecode.swift; path = DrawRectangle.swift; sourceTree = "<group>"; };
/* End PBXFileReference section */

/* Begin PBXFrameworksBuildPhase section */
		5863889E1B51006E000BFB84 /* Frameworks */ = {
			isa = PBXFrameworksBuildPhase;
			buildActionMask = 2147483647;
			files = (
			);
			runOnlyForDeploymentPostprocessing = 0;
		};
		586388B31B51006E000BFB84 /* Frameworks */ = {
			isa = PBXFrameworksBuildPhase;
			buildActionMask = 2147483647;
			files = (
			);
			runOnlyForDeploymentPostprocessing = 0;
		};
/* End PBXFrameworksBuildPhase section */

/* Begin PBXGroup section */
		586388981B51006E000BFB84 = {
			isa = PBXGroup;
			children = (
				586388A31B51006E000BFB84 /* Shapes1 */,
				586388B91B51006E000BFB84 /* Shapes1Tests */,
				586388A21B51006E000BFB84 /* Products */,
			);
			sourceTree = "<group>";
		};
		586388A21B51006E000BFB84 /* Products */ = {
			isa = PBXGroup;
			children = (
				586388A11B51006E000BFB84 /* Shapes1.app */,
				586388B61B51006E000BFB84 /* Shapes1Tests.xctest */,
			);
			name = Products;
			sourceTree = "<group>";
		};
		586388A31B51006E000BFB84 /* Shapes1 */ = {
			isa = PBXGroup;
			children = (
				586388A61B51006E000BFB84 /* AppDelegate.swift */,
				586388A81B51006E000BFB84 /* ViewController.swift */,
				586388AA1B51006E000BFB84 /* Main.storyboard */,
				586388AD1B51006E000BFB84 /* Images.xcassets */,
				586388AF1B51006E000BFB84 /* LaunchScreen.xib */,
				586388A41B51006E000BFB84 /* Supporting Files */,
				58DAEA581B520A6D00F1A664 /* DrawRectangle.swift */,
			);
			path = Shapes1;
			sourceTree = "<group>";
		};
		586388A41B51006E000BFB84 /* Supporting Files */ = {
			isa = PBXGroup;
			children = (
				586388A51B51006E000BFB84 /* Info.plist */,
			);
			name = "Supporting Files";
			sourceTree = "<group>";
		};
		586388B91B51006E000BFB84 /* Shapes1Tests */ = {
			isa = PBXGroup;
			children = (
				586388BC1B51006E000BFB84 /* Shapes1Tests.swift */,
				586388BA1B51006E000BFB84 /* Supporting Files */,
			);
			path = Shapes1Tests;
			sourceTree = "<group>";
		};
		586388BA1B51006E000BFB84 /* Supporting Files */ = {
			isa = PBXGroup;
			children = (
				586388BB1B51006E000BFB84 /* Info.plist */,
			);
			name = "Supporting Files";
			sourceTree = "<group>";
		};
/* End PBXGroup section */

/* Begin PBXNativeTarget section */
		586388A01B51006E000BFB84 /* Shapes1 */ = {
			isa = PBXNativeTarget;
			buildConfigurationList = 586388C01B51006E000BFB84 /* Build configuration list for PBXNativeTarget "Shapes1" */;
			buildPhases = (
				5863889D1B51006E000BFB84 /* Sources */,
				5863889E1B51006E000BFB84 /* Frameworks */,
				5863889F1B51006E000BFB84 /* Resources */,
			);
			buildRules = (
			);
			dependencies = (
			);
			name = Shapes1;
			productName = Shapes1;
			productReference = 586388A11B51006E000BFB84 /* Shapes1.app */;
			productType = "com.apple.product-type.application";
		};
		586388B51B51006E000BFB84 /* Shapes1Tests */ = {
			isa = PBXNativeTarget;
			buildConfigurationList = 586388C31B51006E000BFB84 /* Build configuration list for PBXNativeTarget "Shapes1Tests" */;
			buildPhases = (
				586388B21B51006E000BFB84 /* Sources */,
				586388B31B51006E000BFB84 /* Frameworks */,
				586388B41B51006E000BFB84 /* Resources */,
			);
			buildRules = (
			);
			dependencies = (
				586388B81B51006E000BFB84 /* PBXTargetDependency */,
			);
			name = Shapes1Tests;
			productName = Shapes1Tests;
			productReference = 586388B61B51006E000BFB84 /* Shapes1Tests.xctest */;
			productType = "com.apple.product-type.bundle.unit-test";
		};
/* End PBXNativeTarget section */

/* Begin PBXProject section */
		586388991B51006E000BFB84 /* Project object */ = {
			isa = PBXProject;
			attributes = {
				LastUpgradeCheck = 0640;
				ORGANIZATIONNAME = "Magnus International, Inc.";
				TargetAttributes = {
					586388A01B51006E000BFB84 = {
						CreatedOnToolsVersion = 6.4;
					};
					586388B51B51006E000BFB84 = {
						CreatedOnToolsVersion = 6.4;
						TestTargetID = 586388A01B51006E000BFB84;
					};
				};
			};
			buildConfigurationList = 5863889C1B51006E000BFB84 /* Build configuration list for PBXProject "Shapes1" */;
			compatibilityVersion = "Xcode 3.2";
			developmentRegion = English;
			hasScannedForEncodings = 0;
			knownRegions = (
				en,
				Base,
			);
			mainGroup = 586388981B51006E000BFB84;
			productRefGroup = 586388A21B51006E000BFB84 /* Products */;
			projectDirPath = "";
			projectRoot = "";
			targets = (
				586388A01B51006E000BFB84 /* Shapes1 */,
				586388B51B51006E000BFB84 /* Shapes1Tests */,
			);
		};
/* End PBXProject section */

/* Begin PBXResourcesBuildPhase section */
		5863889F1B51006E000BFB84 /* Resources */ = {
			isa = PBXResourcesBuildPhase;
			buildActionMask = 2147483647;
			files = (
				586388AC1B51006E000BFB84 /* Main.storyboard in Resources */,
				586388B11B51006E000BFB84 /* LaunchScreen.xib in Resources */,
				586388AE1B51006E000BFB84 /* Images.xcassets in Resources */,
			);
			runOnlyForDeploymentPostprocessing = 0;
		};
		586388B41B51006E000BFB84 /* Resources */ = {
			isa = PBXResourcesBuildPhase;
			buildActionMask = 2147483647;
			files = (
			);
			runOnlyForDeploymentPostprocessing = 0;
		};
/* End PBXResourcesBuildPhase section */

/* Begin PBXSourcesBuildPhase section */
		5863889D1B51006E000BFB84 /* Sources */ = {
			isa = PBXSourcesBuildPhase;
			buildActionMask = 2147483647;
			files = (
				586388A91B51006E000BFB84 /* ViewController.swift in Sources */,
				586388A71B51006E000BFB84 /* AppDelegate.swift in Sources */,
				58DAEA591B520A6D00F1A664 /* DrawRectangle.swift in Sources */,
			);
			runOnlyForDeploymentPostprocessing = 0;
		};
		586388B21B51006E000BFB84 /* Sources */ = {
			isa = PBXSourcesBuildPhase;
			buildActionMask = 2147483647;
			files = (
				586388BD1B51006E000BFB84 /* Shapes1Tests.swift in Sources */,
			);
			runOnlyForDeploymentPostprocessing = 0;
		};
/* End PBXSourcesBuildPhase section */

/* Begin PBXTargetDependency section */
		586388B81B51006E000BFB84 /* PBXTargetDependency */ = {
			isa = PBXTargetDependency;
			target = 586388A01B51006E000BFB84 /* Shapes1 */;
			targetProxy = 586388B71B51006E000BFB84 /* PBXContainerItemProxy */;
		};
/* End PBXTargetDependency section */

/* Begin PBXVariantGroup section */
		586388AA1B51006E000BFB84 /* Main.storyboard */ = {
			isa = PBXVariantGroup;
			children = (
				586388AB1B51006E000BFB84 /* Base */,
			);
			name = Main.storyboard;
			sourceTree = "<group>";
		};
		586388AF1B51006E000BFB84 /* LaunchScreen.xib */ = {
			isa = PBXVariantGroup;
			children = (
				586388B01B51006E000BFB84 /* Base */,
			);
			name = LaunchScreen.xib;
			sourceTree = "<group>";
		};
/* End PBXVariantGroup section */

/* Begin XCBuildConfiguration section */
		586388BE1B51006E000BFB84 /* Debug */ = {
			isa = XCBuildConfiguration;
			buildSettings = {
				ALWAYS_SEARCH_USER_PATHS = NO;
				CLANG_CXX_LANGUAGE_STANDARD = "gnu++0x";
				CLANG_CXX_LIBRARY = "libc++";
				CLANG_ENABLE_MODULES = YES;
				CLANG_ENABLE_OBJC_ARC = YES;
				CLANG_WARN_BOOL_CONVERSION = YES;
				CLANG_WARN_CONSTANT_CONVERSION = YES;
				CLANG_WARN_DIRECT_OBJC_ISA_USAGE = YES_ERROR;
				CLANG_WARN_EMPTY_BODY = YES;
				CLANG_WARN_ENUM_CONVERSION = YES;
				CLANG_WARN_INT_CONVERSION = YES;
				CLANG_WARN_OBJC_ROOT_CLASS = YES_ERROR;
				CLANG_WARN_UNREACHABLE_CODE = YES;
				CLANG_WARN__DUPLICATE_METHOD_MATCH = YES;
				"CODE_SIGN_IDENTITY[sdk=iphoneos*]" = "iPhone Developer";
				COPY_PHASE_STRIP = NO;
				DEBUG_INFORMATION_FORMAT = "dwarf-with-dsym";
				ENABLE_STRICT_OBJC_MSGSEND = YES;
				GCC_C_LANGUAGE_STANDARD = gnu99;
				GCC_DYNAMIC_NO_PIC = NO;
				GCC_NO_COMMON_BLOCKS = YES;
				GCC_OPTIMIZATION_LEVEL = 0;
				GCC_PREPROCESSOR_DEFINITIONS = (
					"DEBUG=1",
					"$(inherited)",
				);
				GCC_SYMBOLS_PRIVATE_EXTERN = NO;
				GCC_WARN_64_TO_32_BIT_CONVERSION = YES;
				GCC_WARN_ABOUT_RETURN_TYPE = YES_ERROR;
				GCC_WARN_UNDECLARED_SELECTOR = YES;
				GCC_WARN_UNINITIALIZED_AUTOS = YES_AGGRESSIVE;
				GCC_WARN_UNUSED_FUNCTION = YES;
				GCC_WARN_UNUSED_VARIABLE = YES;
				IPHONEOS_DEPLOYMENT_TARGET = 8.4;
				MTL_ENABLE_DEBUG_INFO = YES;
				ONLY_ACTIVE_ARCH = YES;
				SDKROOT = iphoneos;
				SWIFT_OPTIMIZATION_LEVEL = "-Onone";
			};
			name = Debug;
		};
		586388BF1B51006E000BFB84 /* Release */ = {
			isa = XCBuildConfiguration;
			buildSettings = {
				ALWAYS_SEARCH_USER_PATHS = NO;
				CLANG_CXX_LANGUAGE_STANDARD = "gnu++0x";
				CLANG_CXX_LIBRARY = "libc++";
				CLANG_ENABLE_MODULES = YES;
				CLANG_ENABLE_OBJC_ARC = YES;
				CLANG_WARN_BOOL_CONVERSION = YES;
				CLANG_WARN_CONSTANT_CONVERSION = YES;
				CLANG_WARN_DIRECT_OBJC_ISA_USAGE = YES_ERROR;
				CLANG_WARN_EMPTY_BODY = YES;
				CLANG_WARN_ENUM_CONVERSION = YES;
				CLANG_WARN_INT_CONVERSION = YES;
				CLANG_WARN_OBJC_ROOT_CLASS = YES_ERROR;
				CLANG_WARN_UNREACHABLE_CODE = YES;
				CLANG_WARN__DUPLICATE_METHOD_MATCH = YES;
				"CODE_SIGN_IDENTITY[sdk=iphoneos*]" = "iPhone Developer";
				COPY_PHASE_STRIP = NO;
				DEBUG_INFORMATION_FORMAT = "dwarf-with-dsym";
				ENABLE_NS_ASSERTIONS = NO;
				ENABLE_STRICT_OBJC_MSGSEND = YES;
				GCC_C_LANGUAGE_STANDARD = gnu99;
				GCC_NO_COMMON_BLOCKS = YES;
				GCC_WARN_64_TO_32_BIT_CONVERSION = YES;
				GCC_WARN_ABOUT_RETURN_TYPE = YES_ERROR;
				GCC_WARN_UNDECLARED_SELECTOR = YES;
				GCC_WARN_UNINITIALIZED_AUTOS = YES_AGGRESSIVE;
				GCC_WARN_UNUSED_FUNCTION = YES;
				GCC_WARN_UNUSED_VARIABLE = YES;
				IPHONEOS_DEPLOYMENT_TARGET = 8.4;
				MTL_ENABLE_DEBUG_INFO = NO;
				SDKROOT = iphoneos;
				VALIDATE_PRODUCT = YES;
			};
			name = Release;
		};
		586388C11B51006E000BFB84 /* Debug */ = {
			isa = XCBuildConfiguration;
			buildSettings = {
				ASSETCATALOG_COMPILER_APPICON_NAME = AppIcon;
				INFOPLIST_FILE = Shapes1/Info.plist;
				LD_RUNPATH_SEARCH_PATHS = "$(inherited) @executable_path/Frameworks";
				PRODUCT_NAME = "$(TARGET_NAME)";
			};
			name = Debug;
		};
		586388C21B51006E000BFB84 /* Release */ = {
			isa = XCBuildConfiguration;
			buildSettings = {
				ASSETCATALOG_COMPILER_APPICON_NAME = AppIcon;
				INFOPLIST_FILE = Shapes1/Info.plist;
				LD_RUNPATH_SEARCH_PATHS = "$(inherited) @executable_path/Frameworks";
				PRODUCT_NAME = "$(TARGET_NAME)";
			};
			name = Release;
		};
		586388C41B51006E000BFB84 /* Debug */ = {
			isa = XCBuildConfiguration;
			buildSettings = {
				BUNDLE_LOADER = "$(TEST_HOST)";
				FRAMEWORK_SEARCH_PATHS = (
					"$(SDKROOT)/Developer/Library/Frameworks",
					"$(inherited)",
				);
				GCC_PREPROCESSOR_DEFINITIONS = (
					"DEBUG=1",
					"$(inherited)",
				);
				INFOPLIST_FILE = Shapes1Tests/Info.plist;
				LD_RUNPATH_SEARCH_PATHS = "$(inherited) @executable_path/Frameworks @loader_path/Frameworks";
				PRODUCT_NAME = "$(TARGET_NAME)";
				TEST_HOST = "$(BUILT_PRODUCTS_DIR)/Shapes1.app/Shapes1";
			};
			name = Debug;
		};
		586388C51B51006E000BFB84 /* Release */ = {
			isa = XCBuildConfiguration;
			buildSettings = {
				BUNDLE_LOADER = "$(TEST_HOST)";
				FRAMEWORK_SEARCH_PATHS = (
					"$(SDKROOT)/Developer/Library/Frameworks",
					"$(inherited)",
				);
				INFOPLIST_FILE = Shapes1Tests/Info.plist;
				LD_RUNPATH_SEARCH_PATHS = "$(inherited) @executable_path/Frameworks @loader_path/Frameworks";
				PRODUCT_NAME = "$(TARGET_NAME)";
				TEST_HOST = "$(BUILT_PRODUCTS_DIR)/Shapes1.app/Shapes1";
			};
			name = Release;
		};
/* End XCBuildConfiguration section */

/* Begin XCConfigurationList section */
		5863889C1B51006E000BFB84 /* Build configuration list for PBXProject "Shapes1" */ = {
			isa = XCConfigurationList;
			buildConfigurations = (
				586388BE1B51006E000BFB84 /* Debug */,
				586388BF1B51006E000BFB84 /* Release */,
			);
			defaultConfigurationIsVisible = 0;
			defaultConfigurationName = Release;
		};
		586388C01B51006E000BFB84 /* Build configuration list for PBXNativeTarget "Shapes1" */ = {
			isa = XCConfigurationList;
			buildConfigurations = (
				586388C11B51006E000BFB84 /* Debug */,
				586388C21B51006E000BFB84 /* Release */,
			);
			defaultConfigurationIsVisible = 0;
			defaultConfigurationName = Release;
		};
		586388C31B51006E000BFB84 /* Build configuration list for PBXNativeTarget "Shapes1Tests" */ = {
			isa = XCConfigurationList;
			buildConfigurations = (
				586388C41B51006E000BFB84 /* Debug */,
				586388C51B51006E000BFB84 /* Release */,
			);
			defaultConfigurationIsVisible = 0;
			defaultConfigurationName = Release;
		};
/* End XCConfigurationList section */
	};
	rootObject = 586388991B51006E000BFB84 /* Project object */;
}
